
Microsoft Visual Studio Solution File, Format Version 12.00
# Visual Studio Version 16
VisualStudioVersion = 16.0.28803.202
MinimumVisualStudioVersion = 10.0.40219.1
Project("{FAE04EC0-301F-11D3-BF4B-00C04F79EFBC}") = "DirectoryAndFiling", "DirectoryAndFiling\DirectoryAndFiling.csproj", "{B540FF44-0C6D-4304-A242-E76F9EDB9270}"
EndProject
Global
	GlobalSection(SolutionConfigurationPlatforms) = preSolution
		Debug|Any CPU = Debug|Any CPU
		Release|Any CPU = Release|Any CPU
	EndGlobalSection
	GlobalSection(ProjectConfigurationPlatforms) = postSolution
		{B540FF44-0C6D-4304-A242-E76F9EDB9270}.Debug|Any CPU.ActiveCfg = Debug|Any CPU
		{B540FF44-0C6D-4304-A242-E76F9EDB9270}.Debug|Any CPU.Build.0 = Debug|Any CPU
		{B540FF44-0C6D-4304-A242-E76F9EDB9270}.Release|Any CPU.ActiveCfg = Release|Any CPU
		{B540FF44-0C6D-4304-A242-E76F9EDB9270}.Release|Any CPU.Build.0 = Release|Any CPU
	EndGlobalSection
	GlobalSection(SolutionProperties) = preSolution
		HideSolutionNode = FALSE
	EndGlobalSection
	GlobalSection(ExtensibilityGlobals) = postSolution
		SolutionGuid = {19037B42-5AC2-4BBD-BB36-9C31AE2C920C}
	EndGlobalSection
EndGlobal
